// !$*UTF8*$!
{
	archiveVersion = 1;
	classes = {
	};
	objectVersion = 48;
	objects = {

/* Begin PBXBuildFile section */
		0ABC87AF2BED694AFAC8003E /* Pods_UlaChat.framework in Frameworks */ = {isa = PBXBuildFile; fileRef = 5AC4CE36C32D62EF67C1908F /* Pods_UlaChat.framework */; };
		C0295038205A800100FCB710 /* Message.swift in Sources */ = {isa = PBXBuildFile; fileRef = C0295037205A800100FCB710 /* Message.swift */; };
		C029503B205AB06000FCB710 /* UserCell.swift in Sources */ = {isa = PBXBuildFile; fileRef = C029503A205AB06000FCB710 /* UserCell.swift */; };
		C029503D205BD77F00FCB710 /* ChatMessageCell.swift in Sources */ = {isa = PBXBuildFile; fileRef = C029503C205BD77F00FCB710 /* ChatMessageCell.swift */; };
		C0432F7B204C21AC00D792D7 /* AppDelegate.swift in Sources */ = {isa = PBXBuildFile; fileRef = C0432F7A204C21AC00D792D7 /* AppDelegate.swift */; };
		C0432F7D204C21AC00D792D7 /* MesssagesController.swift in Sources */ = {isa = PBXBuildFile; fileRef = C0432F7C204C21AC00D792D7 /* MesssagesController.swift */; };
		C0432F80204C21AC00D792D7 /* Main.storyboard in Resources */ = {isa = PBXBuildFile; fileRef = C0432F7E204C21AC00D792D7 /* Main.storyboard */; };
		C0432F82204C21AC00D792D7 /* Assets.xcassets in Resources */ = {isa = PBXBuildFile; fileRef = C0432F81204C21AC00D792D7 /* Assets.xcassets */; };
		C0432F85204C21AC00D792D7 /* LaunchScreen.storyboard in Resources */ = {isa = PBXBuildFile; fileRef = C0432F83204C21AC00D792D7 /* LaunchScreen.storyboard */; };
		C0432F8D204C248A00D792D7 /* LoginController.swift in Sources */ = {isa = PBXBuildFile; fileRef = C0432F8C204C248A00D792D7 /* LoginController.swift */; };
		C04FB6DA204C449500046D44 /* GoogleService-Info.plist in Resources */ = {isa = PBXBuildFile; fileRef = C04FB6D9204C449500046D44 /* GoogleService-Info.plist */; };
		C04FB6DC204D4F3A00046D44 /* NewMessageController.swift in Sources */ = {isa = PBXBuildFile; fileRef = C04FB6DB204D4F3A00046D44 /* NewMessageController.swift */; };
		C04FB6DE204D55EC00046D44 /* User.swift in Sources */ = {isa = PBXBuildFile; fileRef = C04FB6DD204D55EC00046D44 /* User.swift */; };
		C04FB6E0204D8CEA00046D44 /* LoginControllerHandlers.swift in Sources */ = {isa = PBXBuildFile; fileRef = C04FB6DF204D8CEA00046D44 /* LoginControllerHandlers.swift */; };
		C04FB6E3204E9A3800046D44 /* Extensions.swift in Sources */ = {isa = PBXBuildFile; fileRef = C04FB6E2204E9A3800046D44 /* Extensions.swift */; };
		C04FB6E6204EC10B00046D44 /* ChatLogController.swift in Sources */ = {isa = PBXBuildFile; fileRef = C04FB6E5204EC10B00046D44 /* ChatLogController.swift */; };
		C09D583A205FB7E800B6013C /* Alert.swift in Sources */ = {isa = PBXBuildFile; fileRef = C09D5839205FB7E800B6013C /* Alert.swift */; };
/* End PBXBuildFile section */

/* Begin PBXFileReference section */
		283AF765F04A7A6C6BE5318C /* Pods-UlaChat.debug.xcconfig */ = {isa = PBXFileReference; includeInIndex = 1; lastKnownFileType = text.xcconfig; name = "Pods-UlaChat.debug.xcconfig"; path = "Pods/Target Support Files/Pods-UlaChat/Pods-UlaChat.debug.xcconfig"; sourceTree = "<group>"; };
		5AC4CE36C32D62EF67C1908F /* Pods_UlaChat.framework */ = {isa = PBXFileReference; explicitFileType = wrapper.framework; includeInIndex = 0; path = Pods_UlaChat.framework; sourceTree = BUILT_PRODUCTS_DIR; };
		C0295037205A800100FCB710 /* Message.swift */ = {isa = PBXFileReference; lastKnownFileType = sourcecode.swift; path = Message.swift; sourceTree = "<group>"; };
		C029503A205AB06000FCB710 /* UserCell.swift */ = {isa = PBXFileReference; lastKnownFileType = sourcecode.swift; path = UserCell.swift; sourceTree = "<group>"; };
		C029503C205BD77F00FCB710 /* ChatMessageCell.swift */ = {isa = PBXFileReference; lastKnownFileType = sourcecode.swift; path = ChatMessageCell.swift; sourceTree = "<group>"; };
		C0432F77204C21AC00D792D7 /* UlaChat.app */ = {isa = PBXFileReference; explicitFileType = wrapper.application; includeInIndex = 0; path = UlaChat.app; sourceTree = BUILT_PRODUCTS_DIR; };
		C0432F7A204C21AC00D792D7 /* AppDelegate.swift */ = {isa = PBXFileReference; lastKnownFileType = sourcecode.swift; path = AppDelegate.swift; sourceTree = "<group>"; };
		C0432F7C204C21AC00D792D7 /* MesssagesController.swift */ = {isa = PBXFileReference; lastKnownFileType = sourcecode.swift; path = MesssagesController.swift; sourceTree = "<group>"; };
		C0432F7F204C21AC00D792D7 /* Base */ = {isa = PBXFileReference; lastKnownFileType = file.storyboard; name = Base; path = Base.lproj/Main.storyboard; sourceTree = "<group>"; };
		C0432F81204C21AC00D792D7 /* Assets.xcassets */ = {isa = PBXFileReference; lastKnownFileType = folder.assetcatalog; path = Assets.xcassets; sourceTree = "<group>"; };
		C0432F84204C21AC00D792D7 /* Base */ = {isa = PBXFileReference; lastKnownFileType = file.storyboard; name = Base; path = Base.lproj/LaunchScreen.storyboard; sourceTree = "<group>"; };
		C0432F86204C21AC00D792D7 /* Info.plist */ = {isa = PBXFileReference; lastKnownFileType = text.plist.xml; path = Info.plist; sourceTree = "<group>"; };
		C0432F8C204C248A00D792D7 /* LoginController.swift */ = {isa = PBXFileReference; lastKnownFileType = sourcecode.swift; path = LoginController.swift; sourceTree = "<group>"; };
		C04FB6D9204C449500046D44 /* GoogleService-Info.plist */ = {isa = PBXFileReference; fileEncoding = 4; lastKnownFileType = text.plist.xml; path = "GoogleService-Info.plist"; sourceTree = "<group>"; };
		C04FB6DB204D4F3A00046D44 /* NewMessageController.swift */ = {isa = PBXFileReference; lastKnownFileType = sourcecode.swift; path = NewMessageController.swift; sourceTree = "<group>"; };
		C04FB6DD204D55EC00046D44 /* User.swift */ = {isa = PBXFileReference; lastKnownFileType = sourcecode.swift; path = User.swift; sourceTree = "<group>"; };
		C04FB6DF204D8CEA00046D44 /* LoginControllerHandlers.swift */ = {isa = PBXFileReference; lastKnownFileType = sourcecode.swift; path = LoginControllerHandlers.swift; sourceTree = "<group>"; };
		C04FB6E2204E9A3800046D44 /* Extensions.swift */ = {isa = PBXFileReference; lastKnownFileType = sourcecode.swift; path = Extensions.swift; sourceTree = "<group>"; };
		C04FB6E5204EC10B00046D44 /* ChatLogController.swift */ = {isa = PBXFileReference; lastKnownFileType = sourcecode.swift; path = ChatLogController.swift; sourceTree = "<group>"; };
		C09D5839205FB7E800B6013C /* Alert.swift */ = {isa = PBXFileReference; fileEncoding = 4; lastKnownFileType = sourcecode.swift; path = Alert.swift; sourceTree = "<group>"; };
		E5ABBD2987F3EDB4210BCE92 /* Pods-UlaChat.release.xcconfig */ = {isa = PBXFileReference; includeInIndex = 1; lastKnownFileType = text.xcconfig; name = "Pods-UlaChat.release.xcconfig"; path = "Pods/Target Support Files/Pods-UlaChat/Pods-UlaChat.release.xcconfig"; sourceTree = "<group>"; };
/* End PBXFileReference section */

/* Begin PBXFrameworksBuildPhase section */
		C0432F74204C21AC00D792D7 /* Frameworks */ = {
			isa = PBXFrameworksBuildPhase;
			buildActionMask = 2147483647;
			files = (
				0ABC87AF2BED694AFAC8003E /* Pods_UlaChat.framework in Frameworks */,
			);
			runOnlyForDeploymentPostprocessing = 0;
		};
/* End PBXFrameworksBuildPhase section */

/* Begin PBXGroup section */
		1716720F312F1159E7C54AD9 /* Frameworks */ = {
			isa = PBXGroup;
			children = (
				5AC4CE36C32D62EF67C1908F /* Pods_UlaChat.framework */,
			);
			name = Frameworks;
			sourceTree = "<group>";
		};
		C0295039205AB02300FCB710 /* View */ = {
			isa = PBXGroup;
			children = (
				C029503A205AB06000FCB710 /* UserCell.swift */,
				C029503C205BD77F00FCB710 /* ChatMessageCell.swift */,
			);
			path = View;
			sourceTree = "<group>";
		};
		C0432F6E204C21AC00D792D7 = {
			isa = PBXGroup;
			children = (
				C0432F79204C21AC00D792D7 /* UlaChat */,
				C0432F78204C21AC00D792D7 /* Products */,
				FC5B75AACB4BB3397AC76917 /* Pods */,
				1716720F312F1159E7C54AD9 /* Frameworks */,
			);
			sourceTree = "<group>";
		};
		C0432F78204C21AC00D792D7 /* Products */ = {
			isa = PBXGroup;
			children = (
				C0432F77204C21AC00D792D7 /* UlaChat.app */,
			);
			name = Products;
			sourceTree = "<group>";
		};
		C0432F79204C21AC00D792D7 /* UlaChat */ = {
			isa = PBXGroup;
			children = (
				C0295039205AB02300FCB710 /* View */,
				C04FB6E1204E9A1700046D44 /* Helpers */,
				C04FB6E4204EC0C900046D44 /* Model */,
				C0432F8E204C249100D792D7 /* Controller */,
				C0432F7E204C21AC00D792D7 /* Main.storyboard */,
				C0432F7A204C21AC00D792D7 /* AppDelegate.swift */,
				C0432F81204C21AC00D792D7 /* Assets.xcassets */,
				C0432F83204C21AC00D792D7 /* LaunchScreen.storyboard */,
				C0432F86204C21AC00D792D7 /* Info.plist */,
				C04FB6D9204C449500046D44 /* GoogleService-Info.plist */,
			);
			path = UlaChat;
			sourceTree = "<group>";
		};
		C0432F8E204C249100D792D7 /* Controller */ = {
			isa = PBXGroup;
			children = (
				C0432F7C204C21AC00D792D7 /* MesssagesController.swift */,
				C04FB6E5204EC10B00046D44 /* ChatLogController.swift */,
				C0432F8C204C248A00D792D7 /* LoginController.swift */,
				C04FB6DF204D8CEA00046D44 /* LoginControllerHandlers.swift */,
				C04FB6DB204D4F3A00046D44 /* NewMessageController.swift */,
			);
			path = Controller;
			sourceTree = "<group>";
		};
		C04FB6E1204E9A1700046D44 /* Helpers */ = {
			isa = PBXGroup;
			children = (
				C04FB6E2204E9A3800046D44 /* Extensions.swift */,
				C09D5839205FB7E800B6013C /* Alert.swift */,
			);
			path = Helpers;
			sourceTree = "<group>";
		};
		C04FB6E4204EC0C900046D44 /* Model */ = {
			isa = PBXGroup;
			children = (
				C04FB6DD204D55EC00046D44 /* User.swift */,
				C0295037205A800100FCB710 /* Message.swift */,
			);
			path = Model;
			sourceTree = "<group>";
		};
		FC5B75AACB4BB3397AC76917 /* Pods */ = {
			isa = PBXGroup;
			children = (
				283AF765F04A7A6C6BE5318C /* Pods-UlaChat.debug.xcconfig */,
				E5ABBD2987F3EDB4210BCE92 /* Pods-UlaChat.release.xcconfig */,
			);
			name = Pods;
			sourceTree = "<group>";
		};
/* End PBXGroup section */

/* Begin PBXNativeTarget section */
		C0432F76204C21AC00D792D7 /* UlaChat */ = {
			isa = PBXNativeTarget;
			buildConfigurationList = C0432F89204C21AC00D792D7 /* Build configuration list for PBXNativeTarget "UlaChat" */;
			buildPhases = (
				543E85551B9BF01750E32AE2 /* [CP] Check Pods Manifest.lock */,
				C0432F73204C21AC00D792D7 /* Sources */,
				C0432F74204C21AC00D792D7 /* Frameworks */,
				C0432F75204C21AC00D792D7 /* Resources */,
				B626A5E4C48AA3413493E39E /* [CP] Embed Pods Frameworks */,
				5E193AE444745A9F442D1F63 /* [CP] Copy Pods Resources */,
			);
			buildRules = (
			);
			dependencies = (
			);
			name = UlaChat;
			productName = UlaChat;
			productReference = C0432F77204C21AC00D792D7 /* UlaChat.app */;
			productType = "com.apple.product-type.application";
		};
/* End PBXNativeTarget section */

/* Begin PBXProject section */
		C0432F6F204C21AC00D792D7 /* Project object */ = {
			isa = PBXProject;
			attributes = {
				LastSwiftUpdateCheck = 0920;
				LastUpgradeCheck = 0920;
				ORGANIZATIONNAME = "Uladzislau Daratsiuk";
				TargetAttributes = {
					C0432F76204C21AC00D792D7 = {
						CreatedOnToolsVersion = 9.2;
						ProvisioningStyle = Automatic;
					};
				};
			};
			buildConfigurationList = C0432F72204C21AC00D792D7 /* Build configuration list for PBXProject "UlaChat" */;
			compatibilityVersion = "Xcode 8.0";
			developmentRegion = en;
			hasScannedForEncodings = 0;
			knownRegions = (
				en,
				Base,
			);
			mainGroup = C0432F6E204C21AC00D792D7;
			productRefGroup = C0432F78204C21AC00D792D7 /* Products */;
			projectDirPath = "";
			projectRoot = "";
			targets = (
				C0432F76204C21AC00D792D7 /* UlaChat */,
			);
		};
/* End PBXProject section */

/* Begin PBXResourcesBuildPhase section */
		C0432F75204C21AC00D792D7 /* Resources */ = {
			isa = PBXResourcesBuildPhase;
			buildActionMask = 2147483647;
			files = (
				C0432F85204C21AC00D792D7 /* LaunchScreen.storyboard in Resources */,
				C04FB6DA204C449500046D44 /* GoogleService-Info.plist in Resources */,
				C0432F82204C21AC00D792D7 /* Assets.xcassets in Resources */,
				C0432F80204C21AC00D792D7 /* Main.storyboard in Resources */,
			);
			runOnlyForDeploymentPostprocessing = 0;
		};
/* End PBXResourcesBuildPhase section */

/* Begin PBXShellScriptBuildPhase section */
		543E85551B9BF01750E32AE2 /* [CP] Check Pods Manifest.lock */ = {
			isa = PBXShellScriptBuildPhase;
			buildActionMask = 2147483647;
			files = (
			);
			inputPaths = (
				"${PODS_PODFILE_DIR_PATH}/Podfile.lock",
				"${PODS_ROOT}/Manifest.lock",
			);
			name = "[CP] Check Pods Manifest.lock";
			outputPaths = (
				"$(DERIVED_FILE_DIR)/Pods-UlaChat-checkManifestLockResult.txt",
			);
			runOnlyForDeploymentPostprocessing = 0;
			shellPath = /bin/sh;
			shellScript = "diff \"${PODS_PODFILE_DIR_PATH}/Podfile.lock\" \"${PODS_ROOT}/Manifest.lock\" > /dev/null\nif [ $? != 0 ] ; then\n    # print error to STDERR\n    echo \"error: The sandbox is not in sync with the Podfile.lock. Run 'pod install' or update your CocoaPods installation.\" >&2\n    exit 1\nfi\n# This output is used by Xcode 'outputs' to avoid re-running this script phase.\necho \"SUCCESS\" > \"${SCRIPT_OUTPUT_FILE_0}\"\n";
			showEnvVarsInLog = 0;
		};
		5E193AE444745A9F442D1F63 /* [CP] Copy Pods Resources */ = {
			isa = PBXShellScriptBuildPhase;
			buildActionMask = 2147483647;
			files = (
			);
			inputPaths = (
			);
			name = "[CP] Copy Pods Resources";
			outputPaths = (
			);
			runOnlyForDeploymentPostprocessing = 0;
			shellPath = /bin/sh;
			shellScript = "\"${SRCROOT}/Pods/Target Support Files/Pods-UlaChat/Pods-UlaChat-resources.sh\"\n";
			showEnvVarsInLog = 0;
		};
		B626A5E4C48AA3413493E39E /* [CP] Embed Pods Frameworks */ = {
			isa = PBXShellScriptBuildPhase;
			buildActionMask = 2147483647;
			files = (
			);
			inputPaths = (
				"${SRCROOT}/Pods/Target Support Files/Pods-UlaChat/Pods-UlaChat-frameworks.sh",
				"${BUILT_PRODUCTS_DIR}/GTMSessionFetcher/GTMSessionFetcher.framework",
				"${BUILT_PRODUCTS_DIR}/GoogleToolboxForMac/GoogleToolboxForMac.framework",
				"${BUILT_PRODUCTS_DIR}/leveldb-library/leveldb.framework",
				"${BUILT_PRODUCTS_DIR}/nanopb/nanopb.framework",
			);
			name = "[CP] Embed Pods Frameworks";
			outputPaths = (
				"${TARGET_BUILD_DIR}/${FRAMEWORKS_FOLDER_PATH}/GTMSessionFetcher.framework",
				"${TARGET_BUILD_DIR}/${FRAMEWORKS_FOLDER_PATH}/GoogleToolboxForMac.framework",
				"${TARGET_BUILD_DIR}/${FRAMEWORKS_FOLDER_PATH}/leveldb.framework",
				"${TARGET_BUILD_DIR}/${FRAMEWORKS_FOLDER_PATH}/nanopb.framework",
			);
			runOnlyForDeploymentPostprocessing = 0;
			shellPath = /bin/sh;
			shellScript = "\"${SRCROOT}/Pods/Target Support Files/Pods-UlaChat/Pods-UlaChat-frameworks.sh\"\n";
			showEnvVarsInLog = 0;
		};
/* End PBXShellScriptBuildPhase section */

/* Begin PBXSourcesBuildPhase section */
		C0432F73204C21AC00D792D7 /* Sources */ = {
			isa = PBXSourcesBuildPhase;
			buildActionMask = 2147483647;
			files = (
				C04FB6E6204EC10B00046D44 /* ChatLogController.swift in Sources */,
				C04FB6E0204D8CEA00046D44 /* LoginControllerHandlers.swift in Sources */,
				C04FB6DE204D55EC00046D44 /* User.swift in Sources */,
				C0295038205A800100FCB710 /* Message.swift in Sources */,
				C04FB6DC204D4F3A00046D44 /* NewMessageController.swift in Sources */,
				C0432F7D204C21AC00D792D7 /* MesssagesController.swift in Sources */,
				C09D583A205FB7E800B6013C /* Alert.swift in Sources */,
				C0432F8D204C248A00D792D7 /* LoginController.swift in Sources */,
				C029503D205BD77F00FCB710 /* ChatMessageCell.swift in Sources */,
				C0432F7B204C21AC00D792D7 /* AppDelegate.swift in Sources */,
				C029503B205AB06000FCB710 /* UserCell.swift in Sources */,
				C04FB6E3204E9A3800046D44 /* Extensions.swift in Sources */,
			);
			runOnlyForDeploymentPostprocessing = 0;
		};
/* End PBXSourcesBuildPhase section */

/* Begin PBXVariantGroup section */
		C0432F7E204C21AC00D792D7 /* Main.storyboard */ = {
			isa = PBXVariantGroup;
			children = (
				C0432F7F204C21AC00D792D7 /* Base */,
			);
			name = Main.storyboard;
			sourceTree = "<group>";
		};
		C0432F83204C21AC00D792D7 /* LaunchScreen.storyboard */ = {
			isa = PBXVariantGroup;
			children = (
				C0432F84204C21AC00D792D7 /* Base */,
			);
			name = LaunchScreen.storyboard;
			sourceTree = "<group>";
		};
/* End PBXVariantGroup section */

/* Begin XCBuildConfiguration section */
		C0432F87204C21AC00D792D7 /* Debug */ = {
			isa = XCBuildConfiguration;
			buildSettings = {
				ALWAYS_SEARCH_USER_PATHS = NO;
				CLANG_ANALYZER_NONNULL = YES;
				CLANG_ANALYZER_NUMBER_OBJECT_CONVERSION = YES_AGGRESSIVE;
				CLANG_CXX_LANGUAGE_STANDARD = "gnu++14";
				CLANG_CXX_LIBRARY = "libc++";
				CLANG_ENABLE_MODULES = YES;
				CLANG_ENABLE_OBJC_ARC = YES;
				CLANG_WARN_BLOCK_CAPTURE_AUTORELEASING = YES;
				CLANG_WARN_BOOL_CONVERSION = YES;
				CLANG_WARN_COMMA = YES;
				CLANG_WARN_CONSTANT_CONVERSION = YES;
				CLANG_WARN_DIRECT_OBJC_ISA_USAGE = YES_ERROR;
				CLANG_WARN_DOCUMENTATION_COMMENTS = YES;
				CLANG_WARN_EMPTY_BODY = YES;
				CLANG_WARN_ENUM_CONVERSION = YES;
				CLANG_WARN_INFINITE_RECURSION = YES;
				CLANG_WARN_INT_CONVERSION = YES;
				CLANG_WARN_NON_LITERAL_NULL_CONVERSION = YES;
				CLANG_WARN_OBJC_LITERAL_CONVERSION = YES;
				CLANG_WARN_OBJC_ROOT_CLASS = YES_ERROR;
				CLANG_WARN_RANGE_LOOP_ANALYSIS = YES;
				CLANG_WARN_STRICT_PROTOTYPES = YES;
				CLANG_WARN_SUSPICIOUS_MOVE = YES;
				CLANG_WARN_UNGUARDED_AVAILABILITY = YES_AGGRESSIVE;
				CLANG_WARN_UNREACHABLE_CODE = YES;
				CLANG_WARN__DUPLICATE_METHOD_MATCH = YES;
				CODE_SIGN_IDENTITY = "iPhone Developer";
				COPY_PHASE_STRIP = NO;
				DEBUG_INFORMATION_FORMAT = dwarf;
				ENABLE_STRICT_OBJC_MSGSEND = YES;
				ENABLE_TESTABILITY = YES;
				GCC_C_LANGUAGE_STANDARD = gnu11;
				GCC_DYNAMIC_NO_PIC = NO;
				GCC_NO_COMMON_BLOCKS = YES;
				GCC_OPTIMIZATION_LEVEL = 0;
				GCC_PREPROCESSOR_DEFINITIONS = (
					"DEBUG=1",
					"$(inherited)",
				);
				GCC_WARN_64_TO_32_BIT_CONVERSION = YES;
				GCC_WARN_ABOUT_RETURN_TYPE = YES_ERROR;
				GCC_WARN_UNDECLARED_SELECTOR = YES;
				GCC_WARN_UNINITIALIZED_AUTOS = YES_AGGRESSIVE;
				GCC_WARN_UNUSED_FUNCTION = YES;
				GCC_WARN_UNUSED_VARIABLE = YES;
				IPHONEOS_DEPLOYMENT_TARGET = 11.2;
				MTL_ENABLE_DEBUG_INFO = YES;
				ONLY_ACTIVE_ARCH = YES;
				SDKROOT = iphoneos;
				SWIFT_ACTIVE_COMPILATION_CONDITIONS = DEBUG;
				SWIFT_OPTIMIZATION_LEVEL = "-Onone";
			};
			name = Debug;
		};
		C0432F88204C21AC00D792D7 /* Release */ = {
			isa = XCBuildConfiguration;
			buildSettings = {
				ALWAYS_SEARCH_USER_PATHS = NO;
				CLANG_ANALYZER_NONNULL = YES;
				CLANG_ANALYZER_NUMBER_OBJECT_CONVERSION = YES_AGGRESSIVE;
				CLANG_CXX_LANGUAGE_STANDARD = "gnu++14";
				CLANG_CXX_LIBRARY = "libc++";
				CLANG_ENABLE_MODULES = YES;
				CLANG_ENABLE_OBJC_ARC = YES;
				CLANG_WARN_BLOCK_CAPTURE_AUTORELEASING = YES;
				CLANG_WARN_BOOL_CONVERSION = YES;
				CLANG_WARN_COMMA = YES;
				CLANG_WARN_CONSTANT_CONVERSION = YES;
				CLANG_WARN_DIRECT_OBJC_ISA_USAGE = YES_ERROR;
				CLANG_WARN_DOCUMENTATION_COMMENTS = YES;
				CLANG_WARN_EMPTY_BODY = YES;
				CLANG_WARN_ENUM_CONVERSION = YES;
				CLANG_WARN_INFINITE_RECURSION = YES;
				CLANG_WARN_INT_CONVERSION = YES;
				CLANG_WARN_NON_LITERAL_NULL_CONVERSION = YES;
				CLANG_WARN_OBJC_LITERAL_CONVERSION = YES;
				CLANG_WARN_OBJC_ROOT_CLASS = YES_ERROR;
				CLANG_WARN_RANGE_LOOP_ANALYSIS = YES;
				CLANG_WARN_STRICT_PROTOTYPES = YES;
				CLANG_WARN_SUSPICIOUS_MOVE = YES;
				CLANG_WARN_UNGUARDED_AVAILABILITY = YES_AGGRESSIVE;
				CLANG_WARN_UNREACHABLE_CODE = YES;
				CLANG_WARN__DUPLICATE_METHOD_MATCH = YES;
				CODE_SIGN_IDENTITY = "iPhone Developer";
				COPY_PHASE_STRIP = NO;
				DEBUG_INFORMATION_FORMAT = "dwarf-with-dsym";
				ENABLE_NS_ASSERTIONS = NO;
				ENABLE_STRICT_OBJC_MSGSEND = YES;
				GCC_C_LANGUAGE_STANDARD = gnu11;
				GCC_NO_COMMON_BLOCKS = YES;
				GCC_WARN_64_TO_32_BIT_CONVERSION = YES;
				GCC_WARN_ABOUT_RETURN_TYPE = YES_ERROR;
				GCC_WARN_UNDECLARED_SELECTOR = YES;
				GCC_WARN_UNINITIALIZED_AUTOS = YES_AGGRESSIVE;
				GCC_WARN_UNUSED_FUNCTION = YES;
				GCC_WARN_UNUSED_VARIABLE = YES;
				IPHONEOS_DEPLOYMENT_TARGET = 11.2;
				MTL_ENABLE_DEBUG_INFO = NO;
				SDKROOT = iphoneos;
				SWIFT_OPTIMIZATION_LEVEL = "-Owholemodule";
				VALIDATE_PRODUCT = YES;
			};
			name = Release;
		};
		C0432F8A204C21AC00D792D7 /* Debug */ = {
			isa = XCBuildConfiguration;
			baseConfigurationReference = 283AF765F04A7A6C6BE5318C /* Pods-UlaChat.debug.xcconfig */;
			buildSettings = {
				ASSETCATALOG_COMPILER_APPICON_NAME = AppIcon;
				CODE_SIGN_STYLE = Automatic;
				DEVELOPMENT_TEAM = Z4NGAZXKWW;
				INFOPLIST_FILE = UlaChat/Info.plist;
				LD_RUNPATH_SEARCH_PATHS = "$(inherited) @executable_path/Frameworks";
				PRODUCT_BUNDLE_IDENTIFIER = uladzislau.daratsiuk.UlaChat;
				PRODUCT_NAME = "$(TARGET_NAME)";
				SWIFT_VERSION = 4.0;
				TARGETED_DEVICE_FAMILY = "1,2";
			};
			name = Debug;
		};
		C0432F8B204C21AC00D792D7 /* Release */ = {
			isa = XCBuildConfiguration;
			baseConfigurationReference = E5ABBD2987F3EDB4210BCE92 /* Pods-UlaChat.release.xcconfig */;
			buildSettings = {
				ASSETCATALOG_COMPILER_APPICON_NAME = AppIcon;
				CODE_SIGN_STYLE = Automatic;
				DEVELOPMENT_TEAM = Z4NGAZXKWW;
				INFOPLIST_FILE = UlaChat/Info.plist;
				LD_RUNPATH_SEARCH_PATHS = "$(inherited) @executable_path/Frameworks";
				PRODUCT_BUNDLE_IDENTIFIER = uladzislau.daratsiuk.UlaChat;
				PRODUCT_NAME = "$(TARGET_NAME)";
				SWIFT_VERSION = 4.0;
				TARGETED_DEVICE_FAMILY = "1,2";
			};
			name = Release;
		};
/* End XCBuildConfiguration section */

/* Begin XCConfigurationList section */
		C0432F72204C21AC00D792D7 /* Build configuration list for PBXProject "UlaChat" */ = {
			isa = XCConfigurationList;
			buildConfigurations = (
				C0432F87204C21AC00D792D7 /* Debug */,
				C0432F88204C21AC00D792D7 /* Release */,
			);
			defaultConfigurationIsVisible = 0;
			defaultConfigurationName = Release;
		};
		C0432F89204C21AC00D792D7 /* Build configuration list for PBXNativeTarget "UlaChat" */ = {
			isa = XCConfigurationList;
			buildConfigurations = (
				C0432F8A204C21AC00D792D7 /* Debug */,
				C0432F8B204C21AC00D792D7 /* Release */,
			);
			defaultConfigurationIsVisible = 0;
			defaultConfigurationName = Release;
		};
/* End XCConfigurationList section */
	};
	rootObject = C0432F6F204C21AC00D792D7 /* Project object */;
}
